
Microsoft Visual Studio Solution File, Format Version 12.00
# Visual Studio 15
VisualStudioVersion = 15.0.28307.329
MinimumVisualStudioVersion = 10.0.40219.1
Project("{FAE04EC0-301F-11D3-BF4B-00C04F79EFBC}") = "CodeBlogFitness.BL", "CodeBlogFitness.BL\CodeBlogFitness.BL.csproj", "{DF2C1236-2520-4CCC-ACF5-B835142F57DF}"
EndProject
Project("{FAE04EC0-301F-11D3-BF4B-00C04F79EFBC}") = "CodeBlogFitness.CMD", "CodeBlogFitness.CMD\CodeBlogFitness.CMD.csproj", "{A154338E-EADE-4902-8633-E592CC9A7173}"
EndProject
Project("{FAE04EC0-301F-11D3-BF4B-00C04F79EFBC}") = "CodeBlogFitness.BLTests", "CodeBlogFitness.BLTests\CodeBlogFitness.BLTests.csproj", "{AED089F1-1DC3-4AA6-9BD5-9767176C90A7}"
EndProject
Project("{54435603-DBB4-11D2-8724-00A0C9A8B90C}") = "Setup", "Setup\Setup.vdproj", "{A8EF1D35-0B80-41E1-A725-C8484A3565C4}"
EndProject
Global
	GlobalSection(SolutionConfigurationPlatforms) = preSolution
		Debug|Any CPU = Debug|Any CPU
		Release|Any CPU = Release|Any CPU
	EndGlobalSection
	GlobalSection(ProjectConfigurationPlatforms) = postSolution
		{DF2C1236-2520-4CCC-ACF5-B835142F57DF}.Debug|Any CPU.ActiveCfg = Debug|Any CPU
		{DF2C1236-2520-4CCC-ACF5-B835142F57DF}.Debug|Any CPU.Build.0 = Debug|Any CPU
		{DF2C1236-2520-4CCC-ACF5-B835142F57DF}.Release|Any CPU.ActiveCfg = Release|Any CPU
		{DF2C1236-2520-4CCC-ACF5-B835142F57DF}.Release|Any CPU.Build.0 = Release|Any CPU
		{A154338E-EADE-4902-8633-E592CC9A7173}.Debug|Any CPU.ActiveCfg = Debug|Any CPU
		{A154338E-EADE-4902-8633-E592CC9A7173}.Debug|Any CPU.Build.0 = Debug|Any CPU
		{A154338E-EADE-4902-8633-E592CC9A7173}.Release|Any CPU.ActiveCfg = Release|Any CPU
		{A154338E-EADE-4902-8633-E592CC9A7173}.Release|Any CPU.Build.0 = Release|Any CPU
		{AED089F1-1DC3-4AA6-9BD5-9767176C90A7}.Debug|Any CPU.ActiveCfg = Debug|Any CPU
		{AED089F1-1DC3-4AA6-9BD5-9767176C90A7}.Debug|Any CPU.Build.0 = Debug|Any CPU
		{AED089F1-1DC3-4AA6-9BD5-9767176C90A7}.Release|Any CPU.ActiveCfg = Release|Any CPU
		{AED089F1-1DC3-4AA6-9BD5-9767176C90A7}.Release|Any CPU.Build.0 = Release|Any CPU
		{A8EF1D35-0B80-41E1-A725-C8484A3565C4}.Debug|Any CPU.ActiveCfg = Debug
		{A8EF1D35-0B80-41E1-A725-C8484A3565C4}.Release|Any CPU.ActiveCfg = Release
	EndGlobalSection
	GlobalSection(SolutionProperties) = preSolution
		HideSolutionNode = FALSE
	EndGlobalSection
	GlobalSection(ExtensibilityGlobals) = postSolution
		SolutionGuid = {CB4D5A89-04B3-4615-AAB5-9ADBF6A46672}
	EndGlobalSection
EndGlobal
